// !$*UTF8*$!
{
	archiveVersion = 1;
	classes = {
	};
	objectVersion = 77;
	objects = {

/* Begin PBXBuildFile section */
		D056FC082E0A9DC400F4B881 /* GoogleService-Info.plist in Resources */ = {isa = PBXBuildFile; fileRef = D056FC072E0A9DC300F4B881 /* GoogleService-Info.plist */; };
		D056FC0B2E0A9E4300F4B881 /* FirebaseAI in Frameworks */ = {isa = PBXBuildFile; productRef = D056FC0A2E0A9E4300F4B881 /* FirebaseAI */; };
		D056FC0D2E0A9E4300F4B881 /* FirebaseAnalytics in Frameworks */ = {isa = PBXBuildFile; productRef = D056FC0C2E0A9E4300F4B881 /* FirebaseAnalytics */; };
		D056FC0F2E0A9E4300F4B881 /* FirebaseAppCheck in Frameworks */ = {isa = PBXBuildFile; productRef = D056FC0E2E0A9E4300F4B881 /* FirebaseAppCheck */; };
		D056FC112E0A9E4300F4B881 /* FirebaseAuth in Frameworks */ = {isa = PBXBuildFile; productRef = D056FC102E0A9E4300F4B881 /* FirebaseAuth */; };
		D056FC132E0A9E4300F4B881 /* FirebaseCore in Frameworks */ = {isa = PBXBuildFile; productRef = D056FC122E0A9E4300F4B881 /* FirebaseCore */; };
		D056FC152E0A9E4300F4B881 /* FirebaseDatabase in Frameworks */ = {isa = PBXBuildFile; productRef = D056FC142E0A9E4300F4B881 /* FirebaseDatabase */; };
		D056FC172E0A9E4300F4B881 /* FirebaseFirestore in Frameworks */ = {isa = PBXBuildFile; productRef = D056FC162E0A9E4300F4B881 /* FirebaseFirestore */; };
		D056FC192E0A9E4300F4B881 /* FirebaseFirestoreCombine-Community in Frameworks */ = {isa = PBXBuildFile; productRef = D056FC182E0A9E4300F4B881 /* FirebaseFirestoreCombine-Community */; };
		D056FC1B2E0A9E4300F4B881 /* FirebaseInAppMessaging-Beta in Frameworks */ = {isa = PBXBuildFile; productRef = D056FC1A2E0A9E4300F4B881 /* FirebaseInAppMessaging-Beta */; };
		D056FC1D2E0A9E4300F4B881 /* FirebaseMessaging in Frameworks */ = {isa = PBXBuildFile; productRef = D056FC1C2E0A9E4300F4B881 /* FirebaseMessaging */; };
		D056FC1F2E0A9E4300F4B881 /* FirebaseStorage in Frameworks */ = {isa = PBXBuildFile; productRef = D056FC1E2E0A9E4300F4B881 /* FirebaseStorage */; };
/* End PBXBuildFile section */

/* Begin PBXFileReference section */
		D056FBDD2E040C5200F4B881 /* ShowThat.app */ = {isa = PBXFileReference; explicitFileType = wrapper.application; includeInIndex = 0; path = ShowThat.app; sourceTree = BUILT_PRODUCTS_DIR; };
		D056FC072E0A9DC300F4B881 /* GoogleService-Info.plist */ = {isa = PBXFileReference; lastKnownFileType = text.plist.xml; path = "GoogleService-Info.plist"; sourceTree = "<group>"; };
/* End PBXFileReference section */

/* Begin PBXFileSystemSynchronizedRootGroup section */
		D056FBDF2E040C5200F4B881 /* ShowThat */ = {
			isa = PBXFileSystemSynchronizedRootGroup;
			path = ShowThat;
			sourceTree = "<group>";
		};
/* End PBXFileSystemSynchronizedRootGroup section */

/* Begin PBXFrameworksBuildPhase section */
		D056FBDA2E040C5200F4B881 /* Frameworks */ = {
			isa = PBXFrameworksBuildPhase;
			buildActionMask = 2147483647;
			files = (
				D056FC152E0A9E4300F4B881 /* FirebaseDatabase in Frameworks */,
				D056FC192E0A9E4300F4B881 /* FirebaseFirestoreCombine-Community in Frameworks */,
				D056FC1D2E0A9E4300F4B881 /* FirebaseMessaging in Frameworks */,
				D056FC1B2E0A9E4300F4B881 /* FirebaseInAppMessaging-Beta in Frameworks */,
				D056FC0D2E0A9E4300F4B881 /* FirebaseAnalytics in Frameworks */,
				D056FC132E0A9E4300F4B881 /* FirebaseCore in Frameworks */,
				D056FC0F2E0A9E4300F4B881 /* FirebaseAppCheck in Frameworks */,
				D056FC0B2E0A9E4300F4B881 /* FirebaseAI in Frameworks */,
				D056FC1F2E0A9E4300F4B881 /* FirebaseStorage in Frameworks */,
				D056FC112E0A9E4300F4B881 /* FirebaseAuth in Frameworks */,
				D056FC172E0A9E4300F4B881 /* FirebaseFirestore in Frameworks */,
			);
			runOnlyForDeploymentPostprocessing = 0;
		};
/* End PBXFrameworksBuildPhase section */

/* Begin PBXGroup section */
		D056FBD42E040C5200F4B881 = {
			isa = PBXGroup;
			children = (
				D056FC072E0A9DC300F4B881 /* GoogleService-Info.plist */,
				D056FBDF2E040C5200F4B881 /* ShowThat */,
				D056FBDE2E040C5200F4B881 /* Products */,
			);
			sourceTree = "<group>";
		};
		D056FBDE2E040C5200F4B881 /* Products */ = {
			isa = PBXGroup;
			children = (
				D056FBDD2E040C5200F4B881 /* ShowThat.app */,
			);
			name = Products;
			sourceTree = "<group>";
		};
/* End PBXGroup section */

/* Begin PBXNativeTarget section */
		D056FBDC2E040C5200F4B881 /* ShowThat */ = {
			isa = PBXNativeTarget;
			buildConfigurationList = D056FBEC2E040C5300F4B881 /* Build configuration list for PBXNativeTarget "ShowThat" */;
			buildPhases = (
				D056FBD92E040C5200F4B881 /* Sources */,
				D056FBDA2E040C5200F4B881 /* Frameworks */,
				D056FBDB2E040C5200F4B881 /* Resources */,
			);
			buildRules = (
			);
			dependencies = (
			);
			fileSystemSynchronizedGroups = (
				D056FBDF2E040C5200F4B881 /* ShowThat */,
			);
			name = ShowThat;
			packageProductDependencies = (
				D056FC0A2E0A9E4300F4B881 /* FirebaseAI */,
				D056FC0C2E0A9E4300F4B881 /* FirebaseAnalytics */,
				D056FC0E2E0A9E4300F4B881 /* FirebaseAppCheck */,
				D056FC102E0A9E4300F4B881 /* FirebaseAuth */,
				D056FC122E0A9E4300F4B881 /* FirebaseCore */,
				D056FC142E0A9E4300F4B881 /* FirebaseDatabase */,
				D056FC162E0A9E4300F4B881 /* FirebaseFirestore */,
				D056FC182E0A9E4300F4B881 /* FirebaseFirestoreCombine-Community */,
				D056FC1A2E0A9E4300F4B881 /* FirebaseInAppMessaging-Beta */,
				D056FC1C2E0A9E4300F4B881 /* FirebaseMessaging */,
				D056FC1E2E0A9E4300F4B881 /* FirebaseStorage */,
			);
			productName = ShowThat;
			productReference = D056FBDD2E040C5200F4B881 /* ShowThat.app */;
			productType = "com.apple.product-type.application";
		};
/* End PBXNativeTarget section */

/* Begin PBXProject section */
		D056FBD52E040C5200F4B881 /* Project object */ = {
			isa = PBXProject;
			attributes = {
				BuildIndependentTargetsInParallel = 1;
				LastSwiftUpdateCheck = 1620;
				LastUpgradeCheck = 1620;
				TargetAttributes = {
					D056FBDC2E040C5200F4B881 = {
						CreatedOnToolsVersion = 16.2;
					};
				};
			};
			buildConfigurationList = D056FBD82E040C5200F4B881 /* Build configuration list for PBXProject "ShowThat" */;
			developmentRegion = en;
			hasScannedForEncodings = 0;
			knownRegions = (
				en,
				Base,
			);
			mainGroup = D056FBD42E040C5200F4B881;
			minimizedProjectReferenceProxies = 1;
			packageReferences = (
				D056FC092E0A9E4300F4B881 /* XCRemoteSwiftPackageReference "firebase-ios-sdk" */,
			);
			preferredProjectObjectVersion = 77;
			productRefGroup = D056FBDE2E040C5200F4B881 /* Products */;
			projectDirPath = "";
			projectRoot = "";
			targets = (
				D056FBDC2E040C5200F4B881 /* ShowThat */,
			);
		};
/* End PBXProject section */

/* Begin PBXResourcesBuildPhase section */
		D056FBDB2E040C5200F4B881 /* Resources */ = {
			isa = PBXResourcesBuildPhase;
			buildActionMask = 2147483647;
			files = (
				D056FC082E0A9DC400F4B881 /* GoogleService-Info.plist in Resources */,
			);
			runOnlyForDeploymentPostprocessing = 0;
		};
/* End PBXResourcesBuildPhase section */

/* Begin PBXSourcesBuildPhase section */
		D056FBD92E040C5200F4B881 /* Sources */ = {
			isa = PBXSourcesBuildPhase;
			buildActionMask = 2147483647;
			files = (
			);
			runOnlyForDeploymentPostprocessing = 0;
		};
/* End PBXSourcesBuildPhase section */

/* Begin XCBuildConfiguration section */
		D056FBEA2E040C5300F4B881 /* Debug */ = {
			isa = XCBuildConfiguration;
			buildSettings = {
				ALWAYS_SEARCH_USER_PATHS = NO;
				ASSETCATALOG_COMPILER_GENERATE_SWIFT_ASSET_SYMBOL_EXTENSIONS = YES;
				CLANG_ANALYZER_NONNULL = YES;
				CLANG_ANALYZER_NUMBER_OBJECT_CONVERSION = YES_AGGRESSIVE;
				CLANG_CXX_LANGUAGE_STANDARD = "gnu++20";
				CLANG_ENABLE_MODULES = YES;
				CLANG_ENABLE_OBJC_ARC = YES;
				CLANG_ENABLE_OBJC_WEAK = YES;
				CLANG_WARN_BLOCK_CAPTURE_AUTORELEASING = YES;
				CLANG_WARN_BOOL_CONVERSION = YES;
				CLANG_WARN_COMMA = YES;
				CLANG_WARN_CONSTANT_CONVERSION = YES;
				CLANG_WARN_DEPRECATED_OBJC_IMPLEMENTATIONS = YES;
				CLANG_WARN_DIRECT_OBJC_ISA_USAGE = YES_ERROR;
				CLANG_WARN_DOCUMENTATION_COMMENTS = YES;
				CLANG_WARN_EMPTY_BODY = YES;
				CLANG_WARN_ENUM_CONVERSION = YES;
				CLANG_WARN_INFINITE_RECURSION = YES;
				CLANG_WARN_INT_CONVERSION = YES;
				CLANG_WARN_NON_LITERAL_NULL_CONVERSION = YES;
				CLANG_WARN_OBJC_IMPLICIT_RETAIN_SELF = YES;
				CLANG_WARN_OBJC_LITERAL_CONVERSION = YES;
				CLANG_WARN_OBJC_ROOT_CLASS = YES_ERROR;
				CLANG_WARN_QUOTED_INCLUDE_IN_FRAMEWORK_HEADER = YES;
				CLANG_WARN_RANGE_LOOP_ANALYSIS = YES;
				CLANG_WARN_STRICT_PROTOTYPES = YES;
				CLANG_WARN_SUSPICIOUS_MOVE = YES;
				CLANG_WARN_UNGUARDED_AVAILABILITY = YES_AGGRESSIVE;
				CLANG_WARN_UNREACHABLE_CODE = YES;
				CLANG_WARN__DUPLICATE_METHOD_MATCH = YES;
				COPY_PHASE_STRIP = NO;
				DEBUG_INFORMATION_FORMAT = dwarf;
				ENABLE_STRICT_OBJC_MSGSEND = YES;
				ENABLE_TESTABILITY = YES;
				ENABLE_USER_SCRIPT_SANDBOXING = YES;
				GCC_C_LANGUAGE_STANDARD = gnu17;
				GCC_DYNAMIC_NO_PIC = NO;
				GCC_NO_COMMON_BLOCKS = YES;
				GCC_OPTIMIZATION_LEVEL = 0;
				GCC_PREPROCESSOR_DEFINITIONS = (
					"DEBUG=1",
					"$(inherited)",
				);
				GCC_WARN_64_TO_32_BIT_CONVERSION = YES;
				GCC_WARN_ABOUT_RETURN_TYPE = YES_ERROR;
				GCC_WARN_UNDECLARED_SELECTOR = YES;
				GCC_WARN_UNINITIALIZED_AUTOS = YES_AGGRESSIVE;
				GCC_WARN_UNUSED_FUNCTION = YES;
				GCC_WARN_UNUSED_VARIABLE = YES;
				LOCALIZATION_PREFERS_STRING_CATALOGS = YES;
				MTL_ENABLE_DEBUG_INFO = INCLUDE_SOURCE;
				MTL_FAST_MATH = YES;
				ONLY_ACTIVE_ARCH = YES;
				SWIFT_ACTIVE_COMPILATION_CONDITIONS = "DEBUG $(inherited)";
				SWIFT_OPTIMIZATION_LEVEL = "-Onone";
			};
			name = Debug;
		};
		D056FBEB2E040C5300F4B881 /* Release */ = {
			isa = XCBuildConfiguration;
			buildSettings = {
				ALWAYS_SEARCH_USER_PATHS = NO;
				ASSETCATALOG_COMPILER_GENERATE_SWIFT_ASSET_SYMBOL_EXTENSIONS = YES;
				CLANG_ANALYZER_NONNULL = YES;
				CLANG_ANALYZER_NUMBER_OBJECT_CONVERSION = YES_AGGRESSIVE;
				CLANG_CXX_LANGUAGE_STANDARD = "gnu++20";
				CLANG_ENABLE_MODULES = YES;
				CLANG_ENABLE_OBJC_ARC = YES;
				CLANG_ENABLE_OBJC_WEAK = YES;
				CLANG_WARN_BLOCK_CAPTURE_AUTORELEASING = YES;
				CLANG_WARN_BOOL_CONVERSION = YES;
				CLANG_WARN_COMMA = YES;
				CLANG_WARN_CONSTANT_CONVERSION = YES;
				CLANG_WARN_DEPRECATED_OBJC_IMPLEMENTATIONS = YES;
				CLANG_WARN_DIRECT_OBJC_ISA_USAGE = YES_ERROR;
				CLANG_WARN_DOCUMENTATION_COMMENTS = YES;
				CLANG_WARN_EMPTY_BODY = YES;
				CLANG_WARN_ENUM_CONVERSION = YES;
				CLANG_WARN_INFINITE_RECURSION = YES;
				CLANG_WARN_INT_CONVERSION = YES;
				CLANG_WARN_NON_LITERAL_NULL_CONVERSION = YES;
				CLANG_WARN_OBJC_IMPLICIT_RETAIN_SELF = YES;
				CLANG_WARN_OBJC_LITERAL_CONVERSION = YES;
				CLANG_WARN_OBJC_ROOT_CLASS = YES_ERROR;
				CLANG_WARN_QUOTED_INCLUDE_IN_FRAMEWORK_HEADER = YES;
				CLANG_WARN_RANGE_LOOP_ANALYSIS = YES;
				CLANG_WARN_STRICT_PROTOTYPES = YES;
				CLANG_WARN_SUSPICIOUS_MOVE = YES;
				CLANG_WARN_UNGUARDED_AVAILABILITY = YES_AGGRESSIVE;
				CLANG_WARN_UNREACHABLE_CODE = YES;
				CLANG_WARN__DUPLICATE_METHOD_MATCH = YES;
				COPY_PHASE_STRIP = NO;
				DEBUG_INFORMATION_FORMAT = "dwarf-with-dsym";
				ENABLE_NS_ASSERTIONS = NO;
				ENABLE_STRICT_OBJC_MSGSEND = YES;
				ENABLE_USER_SCRIPT_SANDBOXING = YES;
				GCC_C_LANGUAGE_STANDARD = gnu17;
				GCC_NO_COMMON_BLOCKS = YES;
				GCC_WARN_64_TO_32_BIT_CONVERSION = YES;
				GCC_WARN_ABOUT_RETURN_TYPE = YES_ERROR;
				GCC_WARN_UNDECLARED_SELECTOR = YES;
				GCC_WARN_UNINITIALIZED_AUTOS = YES_AGGRESSIVE;
				GCC_WARN_UNUSED_FUNCTION = YES;
				GCC_WARN_UNUSED_VARIABLE = YES;
				LOCALIZATION_PREFERS_STRING_CATALOGS = YES;
				MTL_ENABLE_DEBUG_INFO = NO;
				MTL_FAST_MATH = YES;
				SWIFT_COMPILATION_MODE = wholemodule;
			};
			name = Release;
		};
		D056FBED2E040C5300F4B881 /* Debug */ = {
			isa = XCBuildConfiguration;
			buildSettings = {
				ASSETCATALOG_COMPILER_APPICON_NAME = AppIcon;
				ASSETCATALOG_COMPILER_GLOBAL_ACCENT_COLOR_NAME = AccentColor;
				CODE_SIGN_ENTITLEMENTS = ShowThat/ShowThat.entitlements;
				CODE_SIGN_STYLE = Automatic;
				CURRENT_PROJECT_VERSION = 1;
				DEVELOPMENT_ASSET_PATHS = "\"ShowThat/Preview Content\"";
				DEVELOPMENT_TEAM = 64J367B666;
				ENABLE_HARDENED_RUNTIME = YES;
				ENABLE_PREVIEWS = YES;
				GENERATE_INFOPLIST_FILE = YES;
				INFOPLIST_KEY_NSPhotoLibraryUsageDescription = "ShowThat App needs to access your photo album in order to save the QR code.";
				"INFOPLIST_KEY_UIApplicationSceneManifest_Generation[sdk=iphoneos*]" = YES;
				"INFOPLIST_KEY_UIApplicationSceneManifest_Generation[sdk=iphonesimulator*]" = YES;
				"INFOPLIST_KEY_UIApplicationSupportsIndirectInputEvents[sdk=iphoneos*]" = YES;
				"INFOPLIST_KEY_UIApplicationSupportsIndirectInputEvents[sdk=iphonesimulator*]" = YES;
				"INFOPLIST_KEY_UILaunchScreen_Generation[sdk=iphoneos*]" = YES;
				"INFOPLIST_KEY_UILaunchScreen_Generation[sdk=iphonesimulator*]" = YES;
				"INFOPLIST_KEY_UIStatusBarStyle[sdk=iphoneos*]" = UIStatusBarStyleDefault;
				"INFOPLIST_KEY_UIStatusBarStyle[sdk=iphonesimulator*]" = UIStatusBarStyleDefault;
				INFOPLIST_KEY_UISupportedInterfaceOrientations_iPad = "UIInterfaceOrientationPortrait UIInterfaceOrientationPortraitUpsideDown UIInterfaceOrientationLandscapeLeft UIInterfaceOrientationLandscapeRight";
				INFOPLIST_KEY_UISupportedInterfaceOrientations_iPhone = "UIInterfaceOrientationPortrait UIInterfaceOrientationLandscapeLeft UIInterfaceOrientationLandscapeRight";
				IPHONEOS_DEPLOYMENT_TARGET = 18.2;
				LD_RUNPATH_SEARCH_PATHS = "@executable_path/Frameworks";
				"LD_RUNPATH_SEARCH_PATHS[sdk=macosx*]" = "@executable_path/../Frameworks";
				MACOSX_DEPLOYMENT_TARGET = 15.2;
				MARKETING_VERSION = 1.0;
				PRODUCT_BUNDLE_IDENTIFIER = com.ShowThat.ShowThat;
				PRODUCT_NAME = "$(TARGET_NAME)";
				SDKROOT = auto;
				SUPPORTED_PLATFORMS = "iphoneos iphonesimulator macosx xros xrsimulator";
				SWIFT_EMIT_LOC_STRINGS = YES;
				SWIFT_VERSION = 5.0;
				TARGETED_DEVICE_FAMILY = "1,2,7";
				XROS_DEPLOYMENT_TARGET = 2.2;
			};
			name = Debug;
		};
		D056FBEE2E040C5300F4B881 /* Release */ = {
			isa = XCBuildConfiguration;
			buildSettings = {
				ASSETCATALOG_COMPILER_APPICON_NAME = AppIcon;
				ASSETCATALOG_COMPILER_GLOBAL_ACCENT_COLOR_NAME = AccentColor;
				CODE_SIGN_ENTITLEMENTS = ShowThat/ShowThat.entitlements;
				CODE_SIGN_STYLE = Automatic;
				CURRENT_PROJECT_VERSION = 1;
				DEVELOPMENT_ASSET_PATHS = "\"ShowThat/Preview Content\"";
				DEVELOPMENT_TEAM = 64J367B666;
				ENABLE_HARDENED_RUNTIME = YES;
				ENABLE_PREVIEWS = YES;
				GENERATE_INFOPLIST_FILE = YES;
				INFOPLIST_KEY_NSPhotoLibraryUsageDescription = "ShowThat App needs to access your photo album in order to save the QR code.";
				"INFOPLIST_KEY_UIApplicationSceneManifest_Generation[sdk=iphoneos*]" = YES;
				"INFOPLIST_KEY_UIApplicationSceneManifest_Generation[sdk=iphonesimulator*]" = YES;
				"INFOPLIST_KEY_UIApplicationSupportsIndirectInputEvents[sdk=iphoneos*]" = YES;
				"INFOPLIST_KEY_UIApplicationSupportsIndirectInputEvents[sdk=iphonesimulator*]" = YES;
				"INFOPLIST_KEY_UILaunchScreen_Generation[sdk=iphoneos*]" = YES;
				"INFOPLIST_KEY_UILaunchScreen_Generation[sdk=iphonesimulator*]" = YES;
				"INFOPLIST_KEY_UIStatusBarStyle[sdk=iphoneos*]" = UIStatusBarStyleDefault;
				"INFOPLIST_KEY_UIStatusBarStyle[sdk=iphonesimulator*]" = UIStatusBarStyleDefault;
				INFOPLIST_KEY_UISupportedInterfaceOrientations_iPad = "UIInterfaceOrientationPortrait UIInterfaceOrientationPortraitUpsideDown UIInterfaceOrientationLandscapeLeft UIInterfaceOrientationLandscapeRight";
				INFOPLIST_KEY_UISupportedInterfaceOrientations_iPhone = "UIInterfaceOrientationPortrait UIInterfaceOrientationLandscapeLeft UIInterfaceOrientationLandscapeRight";
				IPHONEOS_DEPLOYMENT_TARGET = 18.2;
				LD_RUNPATH_SEARCH_PATHS = "@executable_path/Frameworks";
				"LD_RUNPATH_SEARCH_PATHS[sdk=macosx*]" = "@executable_path/../Frameworks";
				MACOSX_DEPLOYMENT_TARGET = 15.2;
				MARKETING_VERSION = 1.0;
				PRODUCT_BUNDLE_IDENTIFIER = com.ShowThat.ShowThat;
				PRODUCT_NAME = "$(TARGET_NAME)";
				SDKROOT = auto;
				SUPPORTED_PLATFORMS = "iphoneos iphonesimulator macosx xros xrsimulator";
				SWIFT_EMIT_LOC_STRINGS = YES;
				SWIFT_VERSION = 5.0;
				TARGETED_DEVICE_FAMILY = "1,2,7";
				XROS_DEPLOYMENT_TARGET = 2.2;
			};
			name = Release;
		};
/* End XCBuildConfiguration section */

/* Begin XCConfigurationList section */
		D056FBD82E040C5200F4B881 /* Build configuration list for PBXProject "ShowThat" */ = {
			isa = XCConfigurationList;
			buildConfigurations = (
				D056FBEA2E040C5300F4B881 /* Debug */,
				D056FBEB2E040C5300F4B881 /* Release */,
			);
			defaultConfigurationIsVisible = 0;
			defaultConfigurationName = Release;
		};
		D056FBEC2E040C5300F4B881 /* Build configuration list for PBXNativeTarget "ShowThat" */ = {
			isa = XCConfigurationList;
			buildConfigurations = (
				D056FBED2E040C5300F4B881 /* Debug */,
				D056FBEE2E040C5300F4B881 /* Release */,
			);
			defaultConfigurationIsVisible = 0;
			defaultConfigurationName = Release;
		};
/* End XCConfigurationList section */

/* Begin XCRemoteSwiftPackageReference section */
		D056FC092E0A9E4300F4B881 /* XCRemoteSwiftPackageReference "firebase-ios-sdk" */ = {
			isa = XCRemoteSwiftPackageReference;
			repositoryURL = "https://github.com/firebase/firebase-ios-sdk.git";
			requirement = {
				kind = upToNextMajorVersion;
				minimumVersion = 11.15.0;
			};
		};
/* End XCRemoteSwiftPackageReference section */

/* Begin XCSwiftPackageProductDependency section */
		D056FC0A2E0A9E4300F4B881 /* FirebaseAI */ = {
			isa = XCSwiftPackageProductDependency;
			package = D056FC092E0A9E4300F4B881 /* XCRemoteSwiftPackageReference "firebase-ios-sdk" */;
			productName = FirebaseAI;
		};
		D056FC0C2E0A9E4300F4B881 /* FirebaseAnalytics */ = {
			isa = XCSwiftPackageProductDependency;
			package = D056FC092E0A9E4300F4B881 /* XCRemoteSwiftPackageReference "firebase-ios-sdk" */;
			productName = FirebaseAnalytics;
		};
		D056FC0E2E0A9E4300F4B881 /* FirebaseAppCheck */ = {
			isa = XCSwiftPackageProductDependency;
			package = D056FC092E0A9E4300F4B881 /* XCRemoteSwiftPackageReference "firebase-ios-sdk" */;
			productName = FirebaseAppCheck;
		};
		D056FC102E0A9E4300F4B881 /* FirebaseAuth */ = {
			isa = XCSwiftPackageProductDependency;
			package = D056FC092E0A9E4300F4B881 /* XCRemoteSwiftPackageReference "firebase-ios-sdk" */;
			productName = FirebaseAuth;
		};
		D056FC122E0A9E4300F4B881 /* FirebaseCore */ = {
			isa = XCSwiftPackageProductDependency;
			package = D056FC092E0A9E4300F4B881 /* XCRemoteSwiftPackageReference "firebase-ios-sdk" */;
			productName = FirebaseCore;
		};
		D056FC142E0A9E4300F4B881 /* FirebaseDatabase */ = {
			isa = XCSwiftPackageProductDependency;
			package = D056FC092E0A9E4300F4B881 /* XCRemoteSwiftPackageReference "firebase-ios-sdk" */;
			productName = FirebaseDatabase;
		};
		D056FC162E0A9E4300F4B881 /* FirebaseFirestore */ = {
			isa = XCSwiftPackageProductDependency;
			package = D056FC092E0A9E4300F4B881 /* XCRemoteSwiftPackageReference "firebase-ios-sdk" */;
			productName = FirebaseFirestore;
		};
		D056FC182E0A9E4300F4B881 /* FirebaseFirestoreCombine-Community */ = {
			isa = XCSwiftPackageProductDependency;
			package = D056FC092E0A9E4300F4B881 /* XCRemoteSwiftPackageReference "firebase-ios-sdk" */;
			productName = "FirebaseFirestoreCombine-Community";
		};
		D056FC1A2E0A9E4300F4B881 /* FirebaseInAppMessaging-Beta */ = {
			isa = XCSwiftPackageProductDependency;
			package = D056FC092E0A9E4300F4B881 /* XCRemoteSwiftPackageReference "firebase-ios-sdk" */;
			productName = "FirebaseInAppMessaging-Beta";
		};
		D056FC1C2E0A9E4300F4B881 /* FirebaseMessaging */ = {
			isa = XCSwiftPackageProductDependency;
			package = D056FC092E0A9E4300F4B881 /* XCRemoteSwiftPackageReference "firebase-ios-sdk" */;
			productName = FirebaseMessaging;
		};
		D056FC1E2E0A9E4300F4B881 /* FirebaseStorage */ = {
			isa = XCSwiftPackageProductDependency;
			package = D056FC092E0A9E4300F4B881 /* XCRemoteSwiftPackageReference "firebase-ios-sdk" */;
			productName = FirebaseStorage;
		};
/* End XCSwiftPackageProductDependency section */
	};
	rootObject = D056FBD52E040C5200F4B881 /* Project object */;
}
